{
  "name": "eyeling",
  "version": "1.13.2",
  "lockfileVersion": 3,
  "requires": true,
  "packages": {
    "": {
      "name": "eyeling",
      "version": "1.13.2",
      "license": "MIT",
      "bin": {
        "eyeling": "eyeling.js"
      },
      "engines": {
        "node": ">=18"
      }
    }
  }
}
